
Microsoft Visual Studio Solution File, Format Version 12.00
# Visual Studio Version 17
VisualStudioVersion = 17.14.36616.10 d17.14
MinimumVisualStudioVersion = 10.0.40219.1
Project("{FAE04EC0-301F-11D3-BF4B-00C04F79EFBC}") = "PSO_Sample", "PSO_Sample.csproj", "{9DC9D617-3E4B-476C-B245-05DEBF512B22}"
EndProject
Global
	GlobalSection(SolutionConfigurationPlatforms) = preSolution
		Debug|Any CPU = Debug|Any CPU
		Release|Any CPU = Release|Any CPU
	EndGlobalSection
	GlobalSection(ProjectConfigurationPlatforms) = postSolution
		{9DC9D617-3E4B-476C-B245-05DEBF512B22}.Debug|Any CPU.ActiveCfg = Debug|Any CPU
		{9DC9D617-3E4B-476C-B245-05DEBF512B22}.Debug|Any CPU.Build.0 = Debug|Any CPU
		{9DC9D617-3E4B-476C-B245-05DEBF512B22}.Release|Any CPU.ActiveCfg = Release|Any CPU
		{9DC9D617-3E4B-476C-B245-05DEBF512B22}.Release|Any CPU.Build.0 = Release|Any CPU
	EndGlobalSection
	GlobalSection(SolutionProperties) = preSolution
		HideSolutionNode = FALSE
	EndGlobalSection
	GlobalSection(ExtensibilityGlobals) = postSolution
		SolutionGuid = {07994D84-7E8D-451B-8238-2F3FA2EDAA22}
	EndGlobalSection
EndGlobal
